
Microsoft Visual Studio Solution File, Format Version 12.00
Project("{FAE04EC0-301F-11D3-BF4B-00C04F79EFBC}") = "API", "API\API.csproj", "{03BEA8F7-21A1-4ED0-826B-BF645B3E99AE}"
EndProject
Project("{FAE04EC0-301F-11D3-BF4B-00C04F79EFBC}") = "Domain", "Domain\Domain.csproj", "{B1C772A3-6950-40C5-8FB6-8A5C5AC4FCF3}"
EndProject
Project("{FAE04EC0-301F-11D3-BF4B-00C04F79EFBC}") = "Application", "Application\Application.csproj", "{36625281-8763-4DBC-9AF4-98A5E01A3F84}"
EndProject
Global
	GlobalSection(SolutionConfigurationPlatforms) = preSolution
		Debug|Any CPU = Debug|Any CPU
		Release|Any CPU = Release|Any CPU
	EndGlobalSection
	GlobalSection(ProjectConfigurationPlatforms) = postSolution
		{03BEA8F7-21A1-4ED0-826B-BF645B3E99AE}.Debug|Any CPU.ActiveCfg = Debug|Any CPU
		{03BEA8F7-21A1-4ED0-826B-BF645B3E99AE}.Debug|Any CPU.Build.0 = Debug|Any CPU
		{03BEA8F7-21A1-4ED0-826B-BF645B3E99AE}.Release|Any CPU.ActiveCfg = Release|Any CPU
		{03BEA8F7-21A1-4ED0-826B-BF645B3E99AE}.Release|Any CPU.Build.0 = Release|Any CPU
		{B1C772A3-6950-40C5-8FB6-8A5C5AC4FCF3}.Debug|Any CPU.ActiveCfg = Debug|Any CPU
		{B1C772A3-6950-40C5-8FB6-8A5C5AC4FCF3}.Debug|Any CPU.Build.0 = Debug|Any CPU
		{B1C772A3-6950-40C5-8FB6-8A5C5AC4FCF3}.Release|Any CPU.ActiveCfg = Release|Any CPU
		{B1C772A3-6950-40C5-8FB6-8A5C5AC4FCF3}.Release|Any CPU.Build.0 = Release|Any CPU
		{36625281-8763-4DBC-9AF4-98A5E01A3F84}.Debug|Any CPU.ActiveCfg = Debug|Any CPU
		{36625281-8763-4DBC-9AF4-98A5E01A3F84}.Debug|Any CPU.Build.0 = Debug|Any CPU
		{36625281-8763-4DBC-9AF4-98A5E01A3F84}.Release|Any CPU.ActiveCfg = Release|Any CPU
		{36625281-8763-4DBC-9AF4-98A5E01A3F84}.Release|Any CPU.Build.0 = Release|Any CPU
	EndGlobalSection
EndGlobal
